
Microsoft Visual Studio Solution File, Format Version 12.00
# Visual Studio Version 17
VisualStudioVersion = 17.2.32505.173
MinimumVisualStudioVersion = 10.0.40219.1
Project("{FAE04EC0-301F-11D3-BF4B-00C04F79EFBC}") = "ToDo.API", "ToDo.API\ToDo.API.csproj", "{682523DB-051D-49B2-81DB-9D08AEC13910}"
EndProject
Project("{FAE04EC0-301F-11D3-BF4B-00C04F79EFBC}") = "Core", "Core\Core.csproj", "{DA3A9722-2EFB-4560-B5BE-E3C762045FCD}"
EndProject
Project("{FAE04EC0-301F-11D3-BF4B-00C04F79EFBC}") = "Data", "Data\Data.csproj", "{77585F34-F028-44B7-8FB4-AE140AAC14B5}"
EndProject
Project("{FAE04EC0-301F-11D3-BF4B-00C04F79EFBC}") = "Services", "Services\Services.csproj", "{B26F6775-7DBA-4A25-8B29-29A366FA7275}"
EndProject
Global
	GlobalSection(SolutionConfigurationPlatforms) = preSolution
		Debug|Any CPU = Debug|Any CPU
		Release|Any CPU = Release|Any CPU
	EndGlobalSection
	GlobalSection(ProjectConfigurationPlatforms) = postSolution
		{682523DB-051D-49B2-81DB-9D08AEC13910}.Debug|Any CPU.ActiveCfg = Debug|Any CPU
		{682523DB-051D-49B2-81DB-9D08AEC13910}.Debug|Any CPU.Build.0 = Debug|Any CPU
		{682523DB-051D-49B2-81DB-9D08AEC13910}.Release|Any CPU.ActiveCfg = Release|Any CPU
		{682523DB-051D-49B2-81DB-9D08AEC13910}.Release|Any CPU.Build.0 = Release|Any CPU
		{DA3A9722-2EFB-4560-B5BE-E3C762045FCD}.Debug|Any CPU.ActiveCfg = Debug|Any CPU
		{DA3A9722-2EFB-4560-B5BE-E3C762045FCD}.Debug|Any CPU.Build.0 = Debug|Any CPU
		{DA3A9722-2EFB-4560-B5BE-E3C762045FCD}.Release|Any CPU.ActiveCfg = Release|Any CPU
		{DA3A9722-2EFB-4560-B5BE-E3C762045FCD}.Release|Any CPU.Build.0 = Release|Any CPU
		{77585F34-F028-44B7-8FB4-AE140AAC14B5}.Debug|Any CPU.ActiveCfg = Debug|Any CPU
		{77585F34-F028-44B7-8FB4-AE140AAC14B5}.Debug|Any CPU.Build.0 = Debug|Any CPU
		{77585F34-F028-44B7-8FB4-AE140AAC14B5}.Release|Any CPU.ActiveCfg = Release|Any CPU
		{77585F34-F028-44B7-8FB4-AE140AAC14B5}.Release|Any CPU.Build.0 = Release|Any CPU
		{B26F6775-7DBA-4A25-8B29-29A366FA7275}.Debug|Any CPU.ActiveCfg = Debug|Any CPU
		{B26F6775-7DBA-4A25-8B29-29A366FA7275}.Debug|Any CPU.Build.0 = Debug|Any CPU
		{B26F6775-7DBA-4A25-8B29-29A366FA7275}.Release|Any CPU.ActiveCfg = Release|Any CPU
		{B26F6775-7DBA-4A25-8B29-29A366FA7275}.Release|Any CPU.Build.0 = Release|Any CPU
	EndGlobalSection
	GlobalSection(SolutionProperties) = preSolution
		HideSolutionNode = FALSE
	EndGlobalSection
	GlobalSection(ExtensibilityGlobals) = postSolution
		SolutionGuid = {6E13A66A-DFC0-4CAE-8969-C798190C9C04}
	EndGlobalSection
EndGlobal
